
Microsoft Visual Studio Solution File, Format Version 12.00
# Visual Studio Version 16
VisualStudioVersion = 16.0.28803.452
MinimumVisualStudioVersion = 10.0.40219.1
Project("{FAE04EC0-301F-11D3-BF4B-00C04F79EFBC}") = "TecnicoWeb3", "TecnicoWeb3\TecnicoWeb3.csproj", "{416BAD43-4852-4A44-A71E-446A97894AC8}"
EndProject
Global
	GlobalSection(SolutionConfigurationPlatforms) = preSolution
		Debug|Any CPU = Debug|Any CPU
		Release|Any CPU = Release|Any CPU
	EndGlobalSection
	GlobalSection(ProjectConfigurationPlatforms) = postSolution
		{416BAD43-4852-4A44-A71E-446A97894AC8}.Debug|Any CPU.ActiveCfg = Debug|Any CPU
		{416BAD43-4852-4A44-A71E-446A97894AC8}.Debug|Any CPU.Build.0 = Debug|Any CPU
		{416BAD43-4852-4A44-A71E-446A97894AC8}.Release|Any CPU.ActiveCfg = Release|Any CPU
		{416BAD43-4852-4A44-A71E-446A97894AC8}.Release|Any CPU.Build.0 = Release|Any CPU
	EndGlobalSection
	GlobalSection(SolutionProperties) = preSolution
		HideSolutionNode = FALSE
	EndGlobalSection
	GlobalSection(ExtensibilityGlobals) = postSolution
		SolutionGuid = {5229B74D-253F-491E-B26E-9330F885EC2B}
	EndGlobalSection
EndGlobal
